
Microsoft Visual Studio Solution File, Format Version 12.00
# Visual Studio 15
VisualStudioVersion = 15.0.28307.329
MinimumVisualStudioVersion = 10.0.40219.1
Project("{9A19103F-16F7-4668-BE54-9A1E7A4F7556}") = "Sin.Net.Domain", "Sin.Net.Domain\Sin.Net.Domain.csproj", "{4A82A35C-E4E2-4E29-AE56-1C8E7A6D08A1}"
EndProject
Project("{9A19103F-16F7-4668-BE54-9A1E7A4F7556}") = "Sin.Net.Logging", "Sin.Net.Logging\Sin.Net.Logging.csproj", "{83E13106-4111-45A8-85F8-009B6D53E0BB}"
EndProject
Project("{9A19103F-16F7-4668-BE54-9A1E7A4F7556}") = "MSTests", "MSTests\MSTests.csproj", "{AA57B8C1-19F0-4268-A029-29FC504248F8}"
EndProject
Project("{9A19103F-16F7-4668-BE54-9A1E7A4F7556}") = "Sin.Net.Persistence", "Sin.Net.Persistence\Sin.Net.Persistence.csproj", "{974E16A0-5EAA-469F-94ED-76DA0C505F52}"
EndProject
Global
	GlobalSection(SolutionConfigurationPlatforms) = preSolution
		Debug|Any CPU = Debug|Any CPU
		Release|Any CPU = Release|Any CPU
	EndGlobalSection
	GlobalSection(ProjectConfigurationPlatforms) = postSolution
		{4A82A35C-E4E2-4E29-AE56-1C8E7A6D08A1}.Debug|Any CPU.ActiveCfg = Debug|Any CPU
		{4A82A35C-E4E2-4E29-AE56-1C8E7A6D08A1}.Debug|Any CPU.Build.0 = Debug|Any CPU
		{4A82A35C-E4E2-4E29-AE56-1C8E7A6D08A1}.Release|Any CPU.ActiveCfg = Release|Any CPU
		{4A82A35C-E4E2-4E29-AE56-1C8E7A6D08A1}.Release|Any CPU.Build.0 = Release|Any CPU
		{83E13106-4111-45A8-85F8-009B6D53E0BB}.Debug|Any CPU.ActiveCfg = Debug|Any CPU
		{83E13106-4111-45A8-85F8-009B6D53E0BB}.Debug|Any CPU.Build.0 = Debug|Any CPU
		{83E13106-4111-45A8-85F8-009B6D53E0BB}.Release|Any CPU.ActiveCfg = Release|Any CPU
		{83E13106-4111-45A8-85F8-009B6D53E0BB}.Release|Any CPU.Build.0 = Release|Any CPU
		{AA57B8C1-19F0-4268-A029-29FC504248F8}.Debug|Any CPU.ActiveCfg = Debug|Any CPU
		{AA57B8C1-19F0-4268-A029-29FC504248F8}.Debug|Any CPU.Build.0 = Debug|Any CPU
		{AA57B8C1-19F0-4268-A029-29FC504248F8}.Release|Any CPU.ActiveCfg = Debug|Any CPU
		{AA57B8C1-19F0-4268-A029-29FC504248F8}.Release|Any CPU.Build.0 = Debug|Any CPU
		{974E16A0-5EAA-469F-94ED-76DA0C505F52}.Debug|Any CPU.ActiveCfg = Debug|Any CPU
		{974E16A0-5EAA-469F-94ED-76DA0C505F52}.Debug|Any CPU.Build.0 = Debug|Any CPU
		{974E16A0-5EAA-469F-94ED-76DA0C505F52}.Release|Any CPU.ActiveCfg = Release|Any CPU
		{974E16A0-5EAA-469F-94ED-76DA0C505F52}.Release|Any CPU.Build.0 = Release|Any CPU
	EndGlobalSection
	GlobalSection(SolutionProperties) = preSolution
		HideSolutionNode = FALSE
	EndGlobalSection
	GlobalSection(ExtensibilityGlobals) = postSolution
		SolutionGuid = {E9A163F1-1732-4D6C-808B-CEE1737F1277}
	EndGlobalSection
EndGlobal
